
Microsoft Visual Studio Solution File, Format Version 12.00
# Visual Studio Version 16
VisualStudioVersion = 16.0.28714.193
MinimumVisualStudioVersion = 10.0.40219.1
Project("{8BC9CEB8-8B4A-11D0-8D11-00A0C91BC942}") = "works", "works.vcxproj", "{B5FF7C32-5552-49A9-898B-5303930C53C2}"
EndProject
Global
	GlobalSection(SolutionConfigurationPlatforms) = preSolution
		Debug|x64 = Debug|x64
		Debug|x86 = Debug|x86
		Release|x64 = Release|x64
		Release|x86 = Release|x86
	EndGlobalSection
	GlobalSection(ProjectConfigurationPlatforms) = postSolution
		{B5FF7C32-5552-49A9-898B-5303930C53C2}.Debug|x64.ActiveCfg = Debug|x64
		{B5FF7C32-5552-49A9-898B-5303930C53C2}.Debug|x64.Build.0 = Debug|x64
		{B5FF7C32-5552-49A9-898B-5303930C53C2}.Debug|x86.ActiveCfg = Debug|Win32
		{B5FF7C32-5552-49A9-898B-5303930C53C2}.Debug|x86.Build.0 = Debug|Win32
		{B5FF7C32-5552-49A9-898B-5303930C53C2}.Release|x64.ActiveCfg = Release|x64
		{B5FF7C32-5552-49A9-898B-5303930C53C2}.Release|x64.Build.0 = Release|x64
		{B5FF7C32-5552-49A9-898B-5303930C53C2}.Release|x86.ActiveCfg = Release|Win32
		{B5FF7C32-5552-49A9-898B-5303930C53C2}.Release|x86.Build.0 = Release|Win32
	EndGlobalSection
	GlobalSection(SolutionProperties) = preSolution
		HideSolutionNode = FALSE
	EndGlobalSection
	GlobalSection(ExtensibilityGlobals) = postSolution
		SolutionGuid = {B6EF85D6-6514-4583-A7D3-E609A10D8680}
	EndGlobalSection
EndGlobal
